
Microsoft Visual Studio Solution File, Format Version 12.00
# Visual Studio 15
VisualStudioVersion = 15.0.28010.2019
MinimumVisualStudioVersion = 10.0.40219.1
Project("{FAE04EC0-301F-11D3-BF4B-00C04F79EFBC}") = "TeamPomodoro.Core", "TeamPomodoro.Core\TeamPomodoro.Core.csproj", "{67D9ED90-6C07-49F0-9D8E-9458152EC6BA}"
EndProject
Global
	GlobalSection(SolutionConfigurationPlatforms) = preSolution
		Debug|Any CPU = Debug|Any CPU
		Release|Any CPU = Release|Any CPU
	EndGlobalSection
	GlobalSection(ProjectConfigurationPlatforms) = postSolution
		{67D9ED90-6C07-49F0-9D8E-9458152EC6BA}.Debug|Any CPU.ActiveCfg = Debug|Any CPU
		{67D9ED90-6C07-49F0-9D8E-9458152EC6BA}.Debug|Any CPU.Build.0 = Debug|Any CPU
		{67D9ED90-6C07-49F0-9D8E-9458152EC6BA}.Release|Any CPU.ActiveCfg = Release|Any CPU
		{67D9ED90-6C07-49F0-9D8E-9458152EC6BA}.Release|Any CPU.Build.0 = Release|Any CPU
	EndGlobalSection
	GlobalSection(SolutionProperties) = preSolution
		HideSolutionNode = FALSE
	EndGlobalSection
	GlobalSection(ExtensibilityGlobals) = postSolution
		SolutionGuid = {FD1908FA-8DE6-47B7-956C-F9DF6A963AC2}
	EndGlobalSection
EndGlobal
